// !$*UTF8*$!
{
	archiveVersion = 1;
	classes = {
	};
	objectVersion = 77;
	objects = {

/* Begin PBXContainerItemProxy section */
		B6F1E2E52D5FF3CC00C0651D /* PBXContainerItemProxy */ = {
			isa = PBXContainerItemProxy;
			containerPortal = B6F1E2C62D5FF3CA00C0651D /* Project object */;
			proxyType = 1;
			remoteGlobalIDString = B6F1E2CD2D5FF3CA00C0651D;
			remoteInfo = ParseExsample;
		};
		B6F1E2EF2D5FF3CC00C0651D /* PBXContainerItemProxy */ = {
			isa = PBXContainerItemProxy;
			containerPortal = B6F1E2C62D5FF3CA00C0651D /* Project object */;
			proxyType = 1;
			remoteGlobalIDString = B6F1E2CD2D5FF3CA00C0651D;
			remoteInfo = ParseExsample;
		};
/* End PBXContainerItemProxy section */

/* Begin PBXFileReference section */
		B6F1E2CE2D5FF3CA00C0651D /* ParseExsample.app */ = {isa = PBXFileReference; explicitFileType = wrapper.application; includeInIndex = 0; path = ParseExsample.app; sourceTree = BUILT_PRODUCTS_DIR; };
		B6F1E2E42D5FF3CC00C0651D /* ParseExsampleTests.xctest */ = {isa = PBXFileReference; explicitFileType = wrapper.cfbundle; includeInIndex = 0; path = ParseExsampleTests.xctest; sourceTree = BUILT_PRODUCTS_DIR; };
		B6F1E2EE2D5FF3CC00C0651D /* ParseExsampleUITests.xctest */ = {isa = PBXFileReference; explicitFileType = wrapper.cfbundle; includeInIndex = 0; path = ParseExsampleUITests.xctest; sourceTree = BUILT_PRODUCTS_DIR; };
/* End PBXFileReference section */

/* Begin PBXFileSystemSynchronizedBuildFileExceptionSet section */
		B6F1E2F62D5FF3CC00C0651D /* Exceptions for "ParseExsample" folder in "ParseExsample" target */ = {
			isa = PBXFileSystemSynchronizedBuildFileExceptionSet;
			membershipExceptions = (
				Info.plist,
			);
			target = B6F1E2CD2D5FF3CA00C0651D /* ParseExsample */;
		};
/* End PBXFileSystemSynchronizedBuildFileExceptionSet section */

/* Begin PBXFileSystemSynchronizedRootGroup section */
		B6F1E2D02D5FF3CA00C0651D /* ParseExsample */ = {
			isa = PBXFileSystemSynchronizedRootGroup;
			exceptions = (
				B6F1E2F62D5FF3CC00C0651D /* Exceptions for "ParseExsample" folder in "ParseExsample" target */,
			);
			path = ParseExsample;
			sourceTree = "<group>";
		};
		B6F1E2E72D5FF3CC00C0651D /* ParseExsampleTests */ = {
			isa = PBXFileSystemSynchronizedRootGroup;
			path = ParseExsampleTests;
			sourceTree = "<group>";
		};
		B6F1E2F12D5FF3CC00C0651D /* ParseExsampleUITests */ = {
			isa = PBXFileSystemSynchronizedRootGroup;
			path = ParseExsampleUITests;
			sourceTree = "<group>";
		};
/* End PBXFileSystemSynchronizedRootGroup section */

/* Begin PBXFrameworksBuildPhase section */
		B6F1E2CB2D5FF3CA00C0651D /* Frameworks */ = {
			isa = PBXFrameworksBuildPhase;
			buildActionMask = 2147483647;
			files = (
			);
			runOnlyForDeploymentPostprocessing = 0;
		};
		B6F1E2E12D5FF3CC00C0651D /* Frameworks */ = {
			isa = PBXFrameworksBuildPhase;
			buildActionMask = 2147483647;
			files = (
			);
			runOnlyForDeploymentPostprocessing = 0;
		};
		B6F1E2EB2D5FF3CC00C0651D /* Frameworks */ = {
			isa = PBXFrameworksBuildPhase;
			buildActionMask = 2147483647;
			files = (
			);
			runOnlyForDeploymentPostprocessing = 0;
		};
/* End PBXFrameworksBuildPhase section */

/* Begin PBXGroup section */
		B6F1E2C52D5FF3CA00C0651D = {
			isa = PBXGroup;
			children = (
				B6F1E2D02D5FF3CA00C0651D /* ParseExsample */,
				B6F1E2E72D5FF3CC00C0651D /* ParseExsampleTests */,
				B6F1E2F12D5FF3CC00C0651D /* ParseExsampleUITests */,
				B6F1E2CF2D5FF3CA00C0651D /* Products */,
			);
			sourceTree = "<group>";
		};
		B6F1E2CF2D5FF3CA00C0651D /* Products */ = {
			isa = PBXGroup;
			children = (
				B6F1E2CE2D5FF3CA00C0651D /* ParseExsample.app */,
				B6F1E2E42D5FF3CC00C0651D /* ParseExsampleTests.xctest */,
				B6F1E2EE2D5FF3CC00C0651D /* ParseExsampleUITests.xctest */,
			);
			name = Products;
			sourceTree = "<group>";
		};
/* End PBXGroup section */

/* Begin PBXNativeTarget section */
		B6F1E2CD2D5FF3CA00C0651D /* ParseExsample */ = {
			isa = PBXNativeTarget;
			buildConfigurationList = B6F1E2F72D5FF3CC00C0651D /* Build configuration list for PBXNativeTarget "ParseExsample" */;
			buildPhases = (
				B6F1E2CA2D5FF3CA00C0651D /* Sources */,
				B6F1E2CB2D5FF3CA00C0651D /* Frameworks */,
				B6F1E2CC2D5FF3CA00C0651D /* Resources */,
			);
			buildRules = (
			);
			dependencies = (
			);
			fileSystemSynchronizedGroups = (
				B6F1E2D02D5FF3CA00C0651D /* ParseExsample */,
			);
			name = ParseExsample;
			packageProductDependencies = (
			);
			productName = ParseExsample;
			productReference = B6F1E2CE2D5FF3CA00C0651D /* ParseExsample.app */;
			productType = "com.apple.product-type.application";
		};
		B6F1E2E32D5FF3CC00C0651D /* ParseExsampleTests */ = {
			isa = PBXNativeTarget;
			buildConfigurationList = B6F1E2FC2D5FF3CC00C0651D /* Build configuration list for PBXNativeTarget "ParseExsampleTests" */;
			buildPhases = (
				B6F1E2E02D5FF3CC00C0651D /* Sources */,
				B6F1E2E12D5FF3CC00C0651D /* Frameworks */,
				B6F1E2E22D5FF3CC00C0651D /* Resources */,
			);
			buildRules = (
			);
			dependencies = (
				B6F1E2E62D5FF3CC00C0651D /* PBXTargetDependency */,
			);
			fileSystemSynchronizedGroups = (
				B6F1E2E72D5FF3CC00C0651D /* ParseExsampleTests */,
			);
			name = ParseExsampleTests;
			packageProductDependencies = (
			);
			productName = ParseExsampleTests;
			productReference = B6F1E2E42D5FF3CC00C0651D /* ParseExsampleTests.xctest */;
			productType = "com.apple.product-type.bundle.unit-test";
		};
		B6F1E2ED2D5FF3CC00C0651D /* ParseExsampleUITests */ = {
			isa = PBXNativeTarget;
			buildConfigurationList = B6F1E2FF2D5FF3CC00C0651D /* Build configuration list for PBXNativeTarget "ParseExsampleUITests" */;
			buildPhases = (
				B6F1E2EA2D5FF3CC00C0651D /* Sources */,
				B6F1E2EB2D5FF3CC00C0651D /* Frameworks */,
				B6F1E2EC2D5FF3CC00C0651D /* Resources */,
			);
			buildRules = (
			);
			dependencies = (
				B6F1E2F02D5FF3CC00C0651D /* PBXTargetDependency */,
			);
			fileSystemSynchronizedGroups = (
				B6F1E2F12D5FF3CC00C0651D /* ParseExsampleUITests */,
			);
			name = ParseExsampleUITests;
			packageProductDependencies = (
			);
			productName = ParseExsampleUITests;
			productReference = B6F1E2EE2D5FF3CC00C0651D /* ParseExsampleUITests.xctest */;
			productType = "com.apple.product-type.bundle.ui-testing";
		};
/* End PBXNativeTarget section */

/* Begin PBXProject section */
		B6F1E2C62D5FF3CA00C0651D /* Project object */ = {
			isa = PBXProject;
			attributes = {
				BuildIndependentTargetsInParallel = 1;
				LastSwiftUpdateCheck = 1620;
				LastUpgradeCheck = 1620;
				TargetAttributes = {
					B6F1E2CD2D5FF3CA00C0651D = {
						CreatedOnToolsVersion = 16.2;
					};
					B6F1E2E32D5FF3CC00C0651D = {
						CreatedOnToolsVersion = 16.2;
						TestTargetID = B6F1E2CD2D5FF3CA00C0651D;
					};
					B6F1E2ED2D5FF3CC00C0651D = {
						CreatedOnToolsVersion = 16.2;
						TestTargetID = B6F1E2CD2D5FF3CA00C0651D;
					};
				};
			};
			buildConfigurationList = B6F1E2C92D5FF3CA00C0651D /* Build configuration list for PBXProject "ParseExsample" */;
			developmentRegion = en;
			hasScannedForEncodings = 0;
			knownRegions = (
				en,
				Base,
			);
			mainGroup = B6F1E2C52D5FF3CA00C0651D;
			minimizedProjectReferenceProxies = 1;
			preferredProjectObjectVersion = 77;
			productRefGroup = B6F1E2CF2D5FF3CA00C0651D /* Products */;
			projectDirPath = "";
			projectRoot = "";
			targets = (
				B6F1E2CD2D5FF3CA00C0651D /* ParseExsample */,
				B6F1E2E32D5FF3CC00C0651D /* ParseExsampleTests */,
				B6F1E2ED2D5FF3CC00C0651D /* ParseExsampleUITests */,
			);
		};
/* End PBXProject section */

/* Begin PBXResourcesBuildPhase section */
		B6F1E2CC2D5FF3CA00C0651D /* Resources */ = {
			isa = PBXResourcesBuildPhase;
			buildActionMask = 2147483647;
			files = (
			);
			runOnlyForDeploymentPostprocessing = 0;
		};
		B6F1E2E22D5FF3CC00C0651D /* Resources */ = {
			isa = PBXResourcesBuildPhase;
			buildActionMask = 2147483647;
			files = (
			);
			runOnlyForDeploymentPostprocessing = 0;
		};
		B6F1E2EC2D5FF3CC00C0651D /* Resources */ = {
			isa = PBXResourcesBuildPhase;
			buildActionMask = 2147483647;
			files = (
			);
			runOnlyForDeploymentPostprocessing = 0;
		};
/* End PBXResourcesBuildPhase section */

/* Begin PBXSourcesBuildPhase section */
		B6F1E2CA2D5FF3CA00C0651D /* Sources */ = {
			isa = PBXSourcesBuildPhase;
			buildActionMask = 2147483647;
			files = (
			);
			runOnlyForDeploymentPostprocessing = 0;
		};
		B6F1E2E02D5FF3CC00C0651D /* Sources */ = {
			isa = PBXSourcesBuildPhase;
			buildActionMask = 2147483647;
			files = (
			);
			runOnlyForDeploymentPostprocessing = 0;
		};
		B6F1E2EA2D5FF3CC00C0651D /* Sources */ = {
			isa = PBXSourcesBuildPhase;
			buildActionMask = 2147483647;
			files = (
			);
			runOnlyForDeploymentPostprocessing = 0;
		};
/* End PBXSourcesBuildPhase section */

/* Begin PBXTargetDependency section */
		B6F1E2E62D5FF3CC00C0651D /* PBXTargetDependency */ = {
			isa = PBXTargetDependency;
			target = B6F1E2CD2D5FF3CA00C0651D /* ParseExsample */;
			targetProxy = B6F1E2E52D5FF3CC00C0651D /* PBXContainerItemProxy */;
		};
		B6F1E2F02D5FF3CC00C0651D /* PBXTargetDependency */ = {
			isa = PBXTargetDependency;
			target = B6F1E2CD2D5FF3CA00C0651D /* ParseExsample */;
			targetProxy = B6F1E2EF2D5FF3CC00C0651D /* PBXContainerItemProxy */;
		};
/* End PBXTargetDependency section */

/* Begin XCBuildConfiguration section */
		B6F1E2F82D5FF3CC00C0651D /* Debug */ = {
			isa = XCBuildConfiguration;
			buildSettings = {
				ASSETCATALOG_COMPILER_APPICON_NAME = AppIcon;
				ASSETCATALOG_COMPILER_GLOBAL_ACCENT_COLOR_NAME = AccentColor;
				CODE_SIGN_STYLE = Automatic;
				CURRENT_PROJECT_VERSION = 1;
				DEVELOPMENT_TEAM = H84WUS4V8F;
				GENERATE_INFOPLIST_FILE = YES;
				INFOPLIST_FILE = ParseExsample/Info.plist;
				INFOPLIST_KEY_UIApplicationSupportsIndirectInputEvents = YES;
				INFOPLIST_KEY_UILaunchStoryboardName = LaunchScreen;
				INFOPLIST_KEY_UIMainStoryboardFile = Main;
				INFOPLIST_KEY_UISupportedInterfaceOrientations_iPad = "UIInterfaceOrientationPortrait UIInterfaceOrientationPortraitUpsideDown UIInterfaceOrientationLandscapeLeft UIInterfaceOrientationLandscapeRight";
				INFOPLIST_KEY_UISupportedInterfaceOrientations_iPhone = "UIInterfaceOrientationPortrait UIInterfaceOrientationLandscapeLeft UIInterfaceOrientationLandscapeRight";
				LD_RUNPATH_SEARCH_PATHS = (
					"$(inherited)",
					"@executable_path/Frameworks",
				);
				MARKETING_VERSION = 1.0;
				PRODUCT_BUNDLE_IDENTIFIER = com.yaseminsalan.ParseExsample;
				PRODUCT_NAME = "$(TARGET_NAME)";
				SWIFT_EMIT_LOC_STRINGS = YES;
				SWIFT_VERSION = 5.0;
				TARGETED_DEVICE_FAMILY = "1,2";
			};
			name = Debug;
		};
		B6F1E2F92D5FF3CC00C0651D /* Release */ = {
			isa = XCBuildConfiguration;
			buildSettings = {
				ASSETCATALOG_COMPILER_APPICON_NAME = AppIcon;
				ASSETCATALOG_COMPILER_GLOBAL_ACCENT_COLOR_NAME = AccentColor;
				CODE_SIGN_STYLE = Automatic;
				CURRENT_PROJECT_VERSION = 1;
				DEVELOPMENT_TEAM = H84WUS4V8F;
				GENERATE_INFOPLIST_FILE = YES;
				INFOPLIST_FILE = ParseExsample/Info.plist;
				INFOPLIST_KEY_UIApplicationSupportsIndirectInputEvents = YES;
				INFOPLIST_KEY_UILaunchStoryboardName = LaunchScreen;
				INFOPLIST_KEY_UIMainStoryboardFile = Main;
				INFOPLIST_KEY_UISupportedInterfaceOrientations_iPad = "UIInterfaceOrientationPortrait UIInterfaceOrientationPortraitUpsideDown UIInterfaceOrientationLandscapeLeft UIInterfaceOrientationLandscapeRight";
				INFOPLIST_KEY_UISupportedInterfaceOrientations_iPhone = "UIInterfaceOrientationPortrait UIInterfaceOrientationLandscapeLeft UIInterfaceOrientationLandscapeRight";
				LD_RUNPATH_SEARCH_PATHS = (
					"$(inherited)",
					"@executable_path/Frameworks",
				);
				MARKETING_VERSION = 1.0;
				PRODUCT_BUNDLE_IDENTIFIER = com.yaseminsalan.ParseExsample;
				PRODUCT_NAME = "$(TARGET_NAME)";
				SWIFT_EMIT_LOC_STRINGS = YES;
				SWIFT_VERSION = 5.0;
				TARGETED_DEVICE_FAMILY = "1,2";
			};
			name = Release;
		};
		B6F1E2FA2D5FF3CC00C0651D /* Debug */ = {
			isa = XCBuildConfiguration;
			buildSettings = {
				ALWAYS_SEARCH_USER_PATHS = NO;
				ASSETCATALOG_COMPILER_GENERATE_SWIFT_ASSET_SYMBOL_EXTENSIONS = YES;
				CLANG_ANALYZER_NONNULL = YES;
				CLANG_ANALYZER_NUMBER_OBJECT_CONVERSION = YES_AGGRESSIVE;
				CLANG_CXX_LANGUAGE_STANDARD = "gnu++20";
				CLANG_ENABLE_MODULES = YES;
				CLANG_ENABLE_OBJC_ARC = YES;
				CLANG_ENABLE_OBJC_WEAK = YES;
				CLANG_WARN_BLOCK_CAPTURE_AUTORELEASING = YES;
				CLANG_WARN_BOOL_CONVERSION = YES;
				CLANG_WARN_COMMA = YES;
				CLANG_WARN_CONSTANT_CONVERSION = YES;
				CLANG_WARN_DEPRECATED_OBJC_IMPLEMENTATIONS = YES;
				CLANG_WARN_DIRECT_OBJC_ISA_USAGE = YES_ERROR;
				CLANG_WARN_DOCUMENTATION_COMMENTS = YES;
				CLANG_WARN_EMPTY_BODY = YES;
				CLANG_WARN_ENUM_CONVERSION = YES;
				CLANG_WARN_INFINITE_RECURSION = YES;
				CLANG_WARN_INT_CONVERSION = YES;
				CLANG_WARN_NON_LITERAL_NULL_CONVERSION = YES;
				CLANG_WARN_OBJC_IMPLICIT_RETAIN_SELF = YES;
				CLANG_WARN_OBJC_LITERAL_CONVERSION = YES;
				CLANG_WARN_OBJC_ROOT_CLASS = YES_ERROR;
				CLANG_WARN_QUOTED_INCLUDE_IN_FRAMEWORK_HEADER = YES;
				CLANG_WARN_RANGE_LOOP_ANALYSIS = YES;
				CLANG_WARN_STRICT_PROTOTYPES = YES;
				CLANG_WARN_SUSPICIOUS_MOVE = YES;
				CLANG_WARN_UNGUARDED_AVAILABILITY = YES_AGGRESSIVE;
				CLANG_WARN_UNREACHABLE_CODE = YES;
				CLANG_WARN__DUPLICATE_METHOD_MATCH = YES;
				COPY_PHASE_STRIP = NO;
				DEBUG_INFORMATION_FORMAT = dwarf;
				ENABLE_STRICT_OBJC_MSGSEND = YES;
				ENABLE_TESTABILITY = YES;
				ENABLE_USER_SCRIPT_SANDBOXING = YES;
				GCC_C_LANGUAGE_STANDARD = gnu17;
				GCC_DYNAMIC_NO_PIC = NO;
				GCC_NO_COMMON_BLOCKS = YES;
				GCC_OPTIMIZATION_LEVEL = 0;
				GCC_PREPROCESSOR_DEFINITIONS = (
					"DEBUG=1",
					"$(inherited)",
				);
				GCC_WARN_64_TO_32_BIT_CONVERSION = YES;
				GCC_WARN_ABOUT_RETURN_TYPE = YES_ERROR;
				GCC_WARN_UNDECLARED_SELECTOR = YES;
				GCC_WARN_UNINITIALIZED_AUTOS = YES_AGGRESSIVE;
				GCC_WARN_UNUSED_FUNCTION = YES;
				GCC_WARN_UNUSED_VARIABLE = YES;
				IPHONEOS_DEPLOYMENT_TARGET = 18.2;
				LOCALIZATION_PREFERS_STRING_CATALOGS = YES;
				MTL_ENABLE_DEBUG_INFO = INCLUDE_SOURCE;
				MTL_FAST_MATH = YES;
				ONLY_ACTIVE_ARCH = YES;
				SDKROOT = iphoneos;
				SWIFT_ACTIVE_COMPILATION_CONDITIONS = "DEBUG $(inherited)";
				SWIFT_OPTIMIZATION_LEVEL = "-Onone";
			};
			name = Debug;
		};
		B6F1E2FB2D5FF3CC00C0651D /* Release */ = {
			isa = XCBuildConfiguration;
			buildSettings = {
				ALWAYS_SEARCH_USER_PATHS = NO;
				ASSETCATALOG_COMPILER_GENERATE_SWIFT_ASSET_SYMBOL_EXTENSIONS = YES;
				CLANG_ANALYZER_NONNULL = YES;
				CLANG_ANALYZER_NUMBER_OBJECT_CONVERSION = YES_AGGRESSIVE;
				CLANG_CXX_LANGUAGE_STANDARD = "gnu++20";
				CLANG_ENABLE_MODULES = YES;
				CLANG_ENABLE_OBJC_ARC = YES;
				CLANG_ENABLE_OBJC_WEAK = YES;
				CLANG_WARN_BLOCK_CAPTURE_AUTORELEASING = YES;
				CLANG_WARN_BOOL_CONVERSION = YES;
				CLANG_WARN_COMMA = YES;
				CLANG_WARN_CONSTANT_CONVERSION = YES;
				CLANG_WARN_DEPRECATED_OBJC_IMPLEMENTATIONS = YES;
				CLANG_WARN_DIRECT_OBJC_ISA_USAGE = YES_ERROR;
				CLANG_WARN_DOCUMENTATION_COMMENTS = YES;
				CLANG_WARN_EMPTY_BODY = YES;
				CLANG_WARN_ENUM_CONVERSION = YES;
				CLANG_WARN_INFINITE_RECURSION = YES;
				CLANG_WARN_INT_CONVERSION = YES;
				CLANG_WARN_NON_LITERAL_NULL_CONVERSION = YES;
				CLANG_WARN_OBJC_IMPLICIT_RETAIN_SELF = YES;
				CLANG_WARN_OBJC_LITERAL_CONVERSION = YES;
				CLANG_WARN_OBJC_ROOT_CLASS = YES_ERROR;
				CLANG_WARN_QUOTED_INCLUDE_IN_FRAMEWORK_HEADER = YES;
				CLANG_WARN_RANGE_LOOP_ANALYSIS = YES;
				CLANG_WARN_STRICT_PROTOTYPES = YES;
				CLANG_WARN_SUSPICIOUS_MOVE = YES;
				CLANG_WARN_UNGUARDED_AVAILABILITY = YES_AGGRESSIVE;
				CLANG_WARN_UNREACHABLE_CODE = YES;
				CLANG_WARN__DUPLICATE_METHOD_MATCH = YES;
				COPY_PHASE_STRIP = NO;
				DEBUG_INFORMATION_FORMAT = "dwarf-with-dsym";
				ENABLE_NS_ASSERTIONS = NO;
				ENABLE_STRICT_OBJC_MSGSEND = YES;
				ENABLE_USER_SCRIPT_SANDBOXING = YES;
				GCC_C_LANGUAGE_STANDARD = gnu17;
				GCC_NO_COMMON_BLOCKS = YES;
				GCC_WARN_64_TO_32_BIT_CONVERSION = YES;
				GCC_WARN_ABOUT_RETURN_TYPE = YES_ERROR;
				GCC_WARN_UNDECLARED_SELECTOR = YES;
				GCC_WARN_UNINITIALIZED_AUTOS = YES_AGGRESSIVE;
				GCC_WARN_UNUSED_FUNCTION = YES;
				GCC_WARN_UNUSED_VARIABLE = YES;
				IPHONEOS_DEPLOYMENT_TARGET = 18.2;
				LOCALIZATION_PREFERS_STRING_CATALOGS = YES;
				MTL_ENABLE_DEBUG_INFO = NO;
				MTL_FAST_MATH = YES;
				SDKROOT = iphoneos;
				SWIFT_COMPILATION_MODE = wholemodule;
				VALIDATE_PRODUCT = YES;
			};
			name = Release;
		};
		B6F1E2FD2D5FF3CC00C0651D /* Debug */ = {
			isa = XCBuildConfiguration;
			buildSettings = {
				BUNDLE_LOADER = "$(TEST_HOST)";
				CODE_SIGN_STYLE = Automatic;
				CURRENT_PROJECT_VERSION = 1;
				DEVELOPMENT_TEAM = H84WUS4V8F;
				GENERATE_INFOPLIST_FILE = YES;
				IPHONEOS_DEPLOYMENT_TARGET = 18.2;
				MARKETING_VERSION = 1.0;
				PRODUCT_BUNDLE_IDENTIFIER = com.yaseminsalan.ParseExsampleTests;
				PRODUCT_NAME = "$(TARGET_NAME)";
				SWIFT_EMIT_LOC_STRINGS = NO;
				SWIFT_VERSION = 5.0;
				TARGETED_DEVICE_FAMILY = "1,2";
				TEST_HOST = "$(BUILT_PRODUCTS_DIR)/ParseExsample.app/$(BUNDLE_EXECUTABLE_FOLDER_PATH)/ParseExsample";
			};
			name = Debug;
		};
		B6F1E2FE2D5FF3CC00C0651D /* Release */ = {
			isa = XCBuildConfiguration;
			buildSettings = {
				BUNDLE_LOADER = "$(TEST_HOST)";
				CODE_SIGN_STYLE = Automatic;
				CURRENT_PROJECT_VERSION = 1;
				DEVELOPMENT_TEAM = H84WUS4V8F;
				GENERATE_INFOPLIST_FILE = YES;
				IPHONEOS_DEPLOYMENT_TARGET = 18.2;
				MARKETING_VERSION = 1.0;
				PRODUCT_BUNDLE_IDENTIFIER = com.yaseminsalan.ParseExsampleTests;
				PRODUCT_NAME = "$(TARGET_NAME)";
				SWIFT_EMIT_LOC_STRINGS = NO;
				SWIFT_VERSION = 5.0;
				TARGETED_DEVICE_FAMILY = "1,2";
				TEST_HOST = "$(BUILT_PRODUCTS_DIR)/ParseExsample.app/$(BUNDLE_EXECUTABLE_FOLDER_PATH)/ParseExsample";
			};
			name = Release;
		};
		B6F1E3002D5FF3CC00C0651D /* Debug */ = {
			isa = XCBuildConfiguration;
			buildSettings = {
				CODE_SIGN_STYLE = Automatic;
				CURRENT_PROJECT_VERSION = 1;
				DEVELOPMENT_TEAM = H84WUS4V8F;
				GENERATE_INFOPLIST_FILE = YES;
				MARKETING_VERSION = 1.0;
				PRODUCT_BUNDLE_IDENTIFIER = com.yaseminsalan.ParseExsampleUITests;
				PRODUCT_NAME = "$(TARGET_NAME)";
				SWIFT_EMIT_LOC_STRINGS = NO;
				SWIFT_VERSION = 5.0;
				TARGETED_DEVICE_FAMILY = "1,2";
				TEST_TARGET_NAME = ParseExsample;
			};
			name = Debug;
		};
		B6F1E3012D5FF3CC00C0651D /* Release */ = {
			isa = XCBuildConfiguration;
			buildSettings = {
				CODE_SIGN_STYLE = Automatic;
				CURRENT_PROJECT_VERSION = 1;
				DEVELOPMENT_TEAM = H84WUS4V8F;
				GENERATE_INFOPLIST_FILE = YES;
				MARKETING_VERSION = 1.0;
				PRODUCT_BUNDLE_IDENTIFIER = com.yaseminsalan.ParseExsampleUITests;
				PRODUCT_NAME = "$(TARGET_NAME)";
				SWIFT_EMIT_LOC_STRINGS = NO;
				SWIFT_VERSION = 5.0;
				TARGETED_DEVICE_FAMILY = "1,2";
				TEST_TARGET_NAME = ParseExsample;
			};
			name = Release;
		};
/* End XCBuildConfiguration section */

/* Begin XCConfigurationList section */
		B6F1E2C92D5FF3CA00C0651D /* Build configuration list for PBXProject "ParseExsample" */ = {
			isa = XCConfigurationList;
			buildConfigurations = (
				B6F1E2FA2D5FF3CC00C0651D /* Debug */,
				B6F1E2FB2D5FF3CC00C0651D /* Release */,
			);
			defaultConfigurationIsVisible = 0;
			defaultConfigurationName = Release;
		};
		B6F1E2F72D5FF3CC00C0651D /* Build configuration list for PBXNativeTarget "ParseExsample" */ = {
			isa = XCConfigurationList;
			buildConfigurations = (
				B6F1E2F82D5FF3CC00C0651D /* Debug */,
				B6F1E2F92D5FF3CC00C0651D /* Release */,
			);
			defaultConfigurationIsVisible = 0;
			defaultConfigurationName = Release;
		};
		B6F1E2FC2D5FF3CC00C0651D /* Build configuration list for PBXNativeTarget "ParseExsampleTests" */ = {
			isa = XCConfigurationList;
			buildConfigurations = (
				B6F1E2FD2D5FF3CC00C0651D /* Debug */,
				B6F1E2FE2D5FF3CC00C0651D /* Release */,
			);
			defaultConfigurationIsVisible = 0;
			defaultConfigurationName = Release;
		};
		B6F1E2FF2D5FF3CC00C0651D /* Build configuration list for PBXNativeTarget "ParseExsampleUITests" */ = {
			isa = XCConfigurationList;
			buildConfigurations = (
				B6F1E3002D5FF3CC00C0651D /* Debug */,
				B6F1E3012D5FF3CC00C0651D /* Release */,
			);
			defaultConfigurationIsVisible = 0;
			defaultConfigurationName = Release;
		};
/* End XCConfigurationList section */
	};
	rootObject = B6F1E2C62D5FF3CA00C0651D /* Project object */;
}
